
Microsoft Visual Studio Solution File, Format Version 12.00
# Visual Studio Version 16
VisualStudioVersion = 16.0.31424.327
MinimumVisualStudioVersion = 10.0.40219.1
Project("{9A19103F-16F7-4668-BE54-9A1E7A4F7556}") = "CompanyCrmApi", "CompanyCrmApi.csproj", "{2FBC0EAD-F231-4AE4-8C99-6D16A921F4BF}"
EndProject
Project("{FAE04EC0-301F-11D3-BF4B-00C04F79EFBC}") = "CompanyCrmApi.Tests", "..\CompanyCrmApi.Tests\CompanyCrmApi.Tests.csproj", "{FE99B94A-4C16-437F-9F4A-900D4ADB609E}"
EndProject
Global
	GlobalSection(SolutionConfigurationPlatforms) = preSolution
		Debug|Any CPU = Debug|Any CPU
		Release|Any CPU = Release|Any CPU
	EndGlobalSection
	GlobalSection(ProjectConfigurationPlatforms) = postSolution
		{2FBC0EAD-F231-4AE4-8C99-6D16A921F4BF}.Debug|Any CPU.ActiveCfg = Debug|Any CPU
		{2FBC0EAD-F231-4AE4-8C99-6D16A921F4BF}.Debug|Any CPU.Build.0 = Debug|Any CPU
		{2FBC0EAD-F231-4AE4-8C99-6D16A921F4BF}.Release|Any CPU.ActiveCfg = Release|Any CPU
		{2FBC0EAD-F231-4AE4-8C99-6D16A921F4BF}.Release|Any CPU.Build.0 = Release|Any CPU
		{FE99B94A-4C16-437F-9F4A-900D4ADB609E}.Debug|Any CPU.ActiveCfg = Debug|Any CPU
		{FE99B94A-4C16-437F-9F4A-900D4ADB609E}.Debug|Any CPU.Build.0 = Debug|Any CPU
		{FE99B94A-4C16-437F-9F4A-900D4ADB609E}.Release|Any CPU.ActiveCfg = Release|Any CPU
		{FE99B94A-4C16-437F-9F4A-900D4ADB609E}.Release|Any CPU.Build.0 = Release|Any CPU
	EndGlobalSection
	GlobalSection(SolutionProperties) = preSolution
		HideSolutionNode = FALSE
	EndGlobalSection
	GlobalSection(ExtensibilityGlobals) = postSolution
		SolutionGuid = {4A5B4C69-A718-4BFA-84DB-E81FFB0A6CA8}
	EndGlobalSection
EndGlobal
